
Microsoft Visual Studio Solution File, Format Version 12.00
# Visual Studio Version 16
VisualStudioVersion = 16.0.30516.212
MinimumVisualStudioVersion = 10.0.40219.1
Project("{9A19103F-16F7-4668-BE54-9A1E7A4F7556}") = "Authentication", "Authentication.csproj", "{F6C3F0DE-998B-4087-8AEC-0D435632FB9C}"
EndProject
Global
	GlobalSection(SolutionConfigurationPlatforms) = preSolution
		Debug|Any CPU = Debug|Any CPU
		Release|Any CPU = Release|Any CPU
	EndGlobalSection
	GlobalSection(ProjectConfigurationPlatforms) = postSolution
		{F6C3F0DE-998B-4087-8AEC-0D435632FB9C}.Debug|Any CPU.ActiveCfg = Debug|Any CPU
		{F6C3F0DE-998B-4087-8AEC-0D435632FB9C}.Debug|Any CPU.Build.0 = Debug|Any CPU
		{F6C3F0DE-998B-4087-8AEC-0D435632FB9C}.Release|Any CPU.ActiveCfg = Release|Any CPU
		{F6C3F0DE-998B-4087-8AEC-0D435632FB9C}.Release|Any CPU.Build.0 = Release|Any CPU
	EndGlobalSection
	GlobalSection(SolutionProperties) = preSolution
		HideSolutionNode = FALSE
	EndGlobalSection
	GlobalSection(ExtensibilityGlobals) = postSolution
		SolutionGuid = {5E485DC1-788B-4BBF-B3AA-01F20A228FD1}
	EndGlobalSection
EndGlobal
